#MicroXplorer Configuration settings - do not modify
ADC1.Channel-5\#ChannelRegularConversion=ADC_CHANNEL_1
ADC1.IPParameters=Rank-5\#ChannelRegularConversion,Channel-5\#ChannelRegularConversion,SamplingTime-5\#ChannelRegularConversion,OffsetNumber-5\#ChannelRegularConversion,Offset-5\#ChannelRegularConversion,NbrOfConversionFlag,master
ADC1.NbrOfConversionFlag=1
ADC1.Offset-5\#ChannelRegularConversion=0
ADC1.OffsetNumber-5\#ChannelRegularConversion=ADC_OFFSET_NONE
ADC1.Rank-5\#ChannelRegularConversion=1
ADC1.SamplingTime-5\#ChannelRegularConversion=ADC_SAMPLETIME_1CYCLE_5
ADC1.master=1
CAN.CalculateTimeBit=6000
CAN.CalculateTimeQuantum=2000.0
CAN.IPParameters=CalculateTimeQuantum,CalculateTimeBit
COMP1.IPParameters=InvertingInput
COMP1.InvertingInput=COMP_INVERTINGINPUT_3_4VREFINT
File.Version=6
KeepUserPlacement=false
Mcu.Family=STM32F3
Mcu.IP0=ADC1
Mcu.IP1=CAN
Mcu.IP2=COMP1
Mcu.IP3=I2C1
Mcu.IP4=NVIC
Mcu.IP5=RCC
Mcu.IP6=SPI1
Mcu.IP7=SPI2
Mcu.IP8=SYS
Mcu.IP9=USART1
Mcu.IPNb=10
Mcu.Name=STM32F303C(B-C)Tx
Mcu.Package=LQFP48
Mcu.Pin0=PC13
Mcu.Pin1=PC14-OSC32_IN
Mcu.Pin10=PA5
Mcu.Pin11=PA6
Mcu.Pin12=PA7
Mcu.Pin13=PB12
Mcu.Pin14=PB13
Mcu.Pin15=PB14
Mcu.Pin16=PB15
Mcu.Pin17=PA8
Mcu.Pin18=PA9
Mcu.Pin19=PA10
Mcu.Pin2=PC15-OSC32_OUT
Mcu.Pin20=PA11
Mcu.Pin21=PA12
Mcu.Pin22=PA13
Mcu.Pin23=PA14
Mcu.Pin24=PA15
Mcu.Pin25=PB3
Mcu.Pin26=PB4
Mcu.Pin27=PB5
Mcu.Pin28=PB6
Mcu.Pin29=PB7
Mcu.Pin3=PF0-OSC_IN
Mcu.Pin30=PB8
Mcu.Pin31=PB9
Mcu.Pin32=VP_COMP1_VS_VREFINT34
Mcu.Pin33=VP_SYS_VS_Systick
Mcu.Pin4=PF1-OSC_OUT
Mcu.Pin5=PA0
Mcu.Pin6=PA1
Mcu.Pin7=PA2
Mcu.Pin8=PA3
Mcu.Pin9=PA4
Mcu.PinsNb=34
Mcu.UserConstants=
Mcu.UserName=STM32F303CCTx
MxCube.Version=4.13.0
MxDb.Version=DB.4.0.130
NVIC.PriorityGroup=NVIC_PRIORITYGROUP_4
NVIC.SysTick_IRQn=true\:0\:0\:false
PA0.GPIOParameters=GPIO_Label
PA0.GPIO_Label=VChargeDetect
PA0.Locked=true
PA0.Mode=IN1-Single-Ended
PA0.Signal=ADC1_IN1
PA1.GPIOParameters=GPIO_Label
PA1.GPIO_Label=Isense
PA1.Locked=true
PA1.Mode=INP
PA1.Signal=COMP1_INP
PA10.Locked=true
PA10.Mode=Asynchronous
PA10.Signal=USART1_RX
PA11.Mode=Master
PA11.Signal=CAN_RX
PA12.Mode=Master
PA12.Signal=CAN_TX
PA13.GPIOParameters=GPIO_Label
PA13.GPIO_Label=EnableFromCAN
PA13.Locked=true
PA13.Signal=GPIO_Input
PA14.GPIOParameters=GPIO_Label
PA14.GPIO_Label=PowerButton
PA14.Locked=true
PA14.Signal=GPIO_Input
PA15.GPIOParameters=GPIO_Label
PA15.GPIO_Label=PowerEnable
PA15.Locked=true
PA15.Signal=GPIO_Output
PA2.GPIOParameters=GPIO_Label
PA2.GPIO_Label=Isense
PA2.Locked=true
PA2.Mode=IN3-Single-Ended
PA2.Signal=ADC1_IN3
PA3.GPIOParameters=GPIO_Label
PA3.GPIO_Label=Vsense
PA3.Locked=true
PA3.Mode=IN4-Single-Ended
PA3.Signal=ADC1_IN4
PA4.Locked=true
PA4.Mode=NSS_Signal_Hard_Output
PA4.Signal=SPI1_NSS
PA5.Locked=true
PA5.Mode=Full_Duplex_Master
PA5.Signal=SPI1_SCK
PA6.Locked=true
PA6.Mode=Full_Duplex_Master
PA6.Signal=SPI1_MISO
PA7.Locked=true
PA7.Mode=Full_Duplex_Master
PA7.Signal=SPI1_MOSI
PA8.GPIOParameters=GPIO_Label
PA8.GPIO_Label=PowerLED
PA8.Locked=true
PA8.Signal=GPIO_Output
PA9.Locked=true
PA9.Mode=Asynchronous
PA9.Signal=USART1_TX
PB12.Locked=true
PB12.Mode=NSS_Signal_Hard_Output
PB12.Signal=SPI2_NSS
PB13.Locked=true
PB13.Mode=Full_Duplex_Master
PB13.Signal=SPI2_SCK
PB14.Locked=true
PB14.Mode=Full_Duplex_Master
PB14.Signal=SPI2_MISO
PB15.Locked=true
PB15.Mode=Full_Duplex_Master
PB15.Signal=SPI2_MOSI
PB3.GPIOParameters=GPIO_Label
PB3.GPIO_Label=ChargeEnable
PB3.Locked=true
PB3.Signal=GPIO_Output
PB4.GPIOParameters=GPIO_Label
PB4.GPIO_Label=DischargeEnable
PB4.Locked=true
PB4.Signal=GPIO_Output
PB5.GPIOParameters=GPIO_Label
PB5.GPIO_Label=PreChargeEnable
PB5.Locked=true
PB5.Signal=GPIO_Output
PB6.GPIOParameters=GPIO_Label
PB6.GPIO_Label=OLED_SCL
PB6.Locked=true
PB6.Mode=I2C
PB6.Signal=I2C1_SCL
PB7.GPIOParameters=GPIO_Label
PB7.GPIO_Label=OLED_SDA
PB7.Locked=true
PB7.Mode=I2C
PB7.Signal=I2C1_SDA
PB8.GPIOParameters=GPIO_Label
PB8.GPIO_Label=OLED_RST
PB8.Locked=true
PB8.Signal=GPIO_Output
PB9.GPIOParameters=GPIO_Label
PB9.GPIO_Label=SwitchEnable
PB9.Locked=true
PB9.Signal=GPIO_Output
PC13.GPIOParameters=GPIO_Label
PC13.GPIO_Label=ChargeEnable
PC13.Locked=true
PC13.Signal=GPIO_Output
PC14-OSC32_IN.GPIOParameters=GPIO_Label
PC14-OSC32_IN.GPIO_Label=PrechargeEnable
PC14-OSC32_IN.Locked=true
PC14-OSC32_IN.Signal=GPIO_Output
PC15-OSC32_OUT.GPIOParameters=GPIO_Label
PC15-OSC32_OUT.GPIO_Label=DischargeEnable
PC15-OSC32_OUT.Locked=true
PC15-OSC32_OUT.Signal=GPIO_Output
PCC.Checker=false
PCC.Line=STM32F303
PCC.MCU=STM32F303C(B-C)Tx
PCC.MXVersion=4.13.0
PCC.PartNumber=STM32F303CCTx
PCC.Seq0=0
PCC.Series=STM32F3
PCC.Temperature=25
PCC.Vdd=3.6
PF0-OSC_IN.Locked=true
PF0-OSC_IN.Mode=HSE-External-Oscillator
PF0-OSC_IN.Signal=RCC_OSC_IN
PF1-OSC_OUT.Locked=true
PF1-OSC_OUT.Mode=HSE-External-Oscillator
PF1-OSC_OUT.Signal=RCC_OSC_OUT
RCC.AHBFreq_Value=8000000
RCC.APB1Freq_Value=8000000
RCC.APB2Freq_Value=8000000
RCC.CortexFreq_Value=8000000
RCC.FamilyName=M
RCC.HSEPLLFreq_Value=8000000
RCC.HSE_VALUE=8000000
RCC.HSIPLLFreq_Value=4000000
RCC.HSI_VALUE=8000000
RCC.I2C1Freq_Value=8000000
RCC.I2C2Freq_Value=8000000
RCC.IPParameters=FamilyName,HSI_VALUE,HSIPLLFreq_Value,SYSCLKFreq_VALUE,AHBFreq_Value,CortexFreq_Value,APB1Freq_Value,USART2Freq_Value,APB2Freq_Value,TIM2Freq_Value,LSI_VALUE,USART3Freq_Value,HSE_VALUE,HSEPLLFreq_Value,RTCHSEDivFreq_Value,VCOOutput2Freq_Value,PLLCLKFreq_Value,PLLMCOFreq_Value,USART1Freq_Value,LSE_VALUE,I2C1Freq_Value,RTCFreq_Value,I2C2Freq_Value
RCC.LSE_VALUE=32768
RCC.LSI_VALUE=40000
RCC.PLLCLKFreq_Value=8000000
RCC.PLLMCOFreq_Value=4000000
RCC.RTCFreq_Value=40000
RCC.RTCHSEDivFreq_Value=250000
RCC.SYSCLKFreq_VALUE=8000000
RCC.TIM2Freq_Value=8000000
RCC.USART1Freq_Value=8000000
RCC.USART2Freq_Value=8000000
RCC.USART3Freq_Value=8000000
RCC.VCOOutput2Freq_Value=4000000
SPI1.CalculateBaudRate=4.0 MBits/s
SPI1.IPParameters=Mode,CalculateBaudRate,VirtualNSS
SPI1.Mode=SPI_MODE_MASTER
SPI1.VirtualNSS=VM_NSSHARD
SPI2.CalculateBaudRate=4.0 MBits/s
SPI2.IPParameters=Mode,CalculateBaudRate,VirtualNSS
SPI2.Mode=SPI_MODE_MASTER
SPI2.VirtualNSS=VM_NSSHARD
VP_COMP1_VS_VREFINT34.Mode=VREFINT_34
VP_COMP1_VS_VREFINT34.Signal=COMP1_VS_VREFINT34
VP_SYS_VS_Systick.Mode=SysTick
VP_SYS_VS_Systick.Signal=SYS_VS_Systick
